// !$*UTF8*$!
{
	archiveVersion = 1;
	classes = {
	};
	objectVersion = 56;
	objects = {

/* Begin PBXBuildFile section */
		232DBC882D2C10B100CEEF2B /* tutorviolinApp.swift in Sources */ = {isa = PBXBuildFile; fileRef = 232DBC872D2C10B100CEEF2B /* tutorviolinApp.swift */; };
		232DBC8A2D2C10B100CEEF2B /* ContentView.swift in Sources */ = {isa = PBXBuildFile; fileRef = 232DBC892D2C10B100CEEF2B /* ContentView.swift */; };
		232DBC8C2D2C10B100CEEF2B /* Item.swift in Sources */ = {isa = PBXBuildFile; fileRef = 232DBC8B2D2C10B100CEEF2B /* Item.swift */; };
		232DBC8E2D2C10B200CEEF2B /* Assets.xcassets in Resources */ = {isa = PBXBuildFile; fileRef = 232DBC8D2D2C10B200CEEF2B /* Assets.xcassets */; };
		232DBC922D2C10B200CEEF2B /* Preview Assets.xcassets in Resources */ = {isa = PBXBuildFile; fileRef = 232DBC912D2C10B200CEEF2B /* Preview Assets.xcassets */; };
		232DBC9F2D2C10FD00CEEF2B /* WorkspaceView.swift in Sources */ = {isa = PBXBuildFile; fileRef = 232DBC9E2D2C10FD00CEEF2B /* WorkspaceView.swift */; };
		232DBCA42D2C114400CEEF2B /* InputView.swift in Sources */ = {isa = PBXBuildFile; fileRef = 232DBCA32D2C114400CEEF2B /* InputView.swift */; };
		232DBCA62D2C114B00CEEF2B /* LoginView.swift in Sources */ = {isa = PBXBuildFile; fileRef = 232DBCA52D2C114B00CEEF2B /* LoginView.swift */; };
		232DBCA82D2C115100CEEF2B /* RegisterView.swift in Sources */ = {isa = PBXBuildFile; fileRef = 232DBCA72D2C115100CEEF2B /* RegisterView.swift */; };
		232DBCB22D2D237300CEEF2B /* AudioToolbox.framework in Frameworks */ = {isa = PBXBuildFile; fileRef = 232DBCB02D2D236700CEEF2B /* AudioToolbox.framework */; };
		232DBCB52D2D237500CEEF2B /* AVFoundation.framework in Frameworks */ = {isa = PBXBuildFile; fileRef = 232DBCAE2D2D236000CEEF2B /* AVFoundation.framework */; };
		232DBCC42D2D243000CEEF2B /* ScoreAudioEngine.swift in Sources */ = {isa = PBXBuildFile; fileRef = 232DBCC32D2D243000CEEF2B /* ScoreAudioEngine.swift */; };
		232DBCCB2D2D257300CEEF2B /* ScoreEditorView.swift in Sources */ = {isa = PBXBuildFile; fileRef = 232DBCCA2D2D257300CEEF2B /* ScoreEditorView.swift */; };
		232DBCCF2D2D264900CEEF2B /* WorkspaceModel.swift in Sources */ = {isa = PBXBuildFile; fileRef = 232DBCCE2D2D264900CEEF2B /* WorkspaceModel.swift */; };
		232DBCD12D2D268000CEEF2B /* KeySignatureSelector.swift in Sources */ = {isa = PBXBuildFile; fileRef = 232DBCD02D2D268000CEEF2B /* KeySignatureSelector.swift */; };
		232DBCD32D2D269200CEEF2B /* TimeSignatureSelector.swift in Sources */ = {isa = PBXBuildFile; fileRef = 232DBCD22D2D269200CEEF2B /* TimeSignatureSelector.swift */; };
		232DBCD72D2D26CA00CEEF2B /* PlaybackControls.swift in Sources */ = {isa = PBXBuildFile; fileRef = 232DBCD62D2D26CA00CEEF2B /* PlaybackControls.swift */; };
		232DBCD92D2D26DB00CEEF2B /* PianoKeyboardView.swift in Sources */ = {isa = PBXBuildFile; fileRef = 232DBCD82D2D26DB00CEEF2B /* PianoKeyboardView.swift */; };
		232DBCDB2D2D26F900CEEF2B /* StaffView.swift in Sources */ = {isa = PBXBuildFile; fileRef = 232DBCDA2D2D26F900CEEF2B /* StaffView.swift */; };
		232DBCDE2D2D2ADA00CEEF2B /* Clef.swift in Sources */ = {isa = PBXBuildFile; fileRef = 232DBCDD2D2D2ADA00CEEF2B /* Clef.swift */; };
		232DBCE02D2D2B4F00CEEF2B /* KeySignature.swift in Sources */ = {isa = PBXBuildFile; fileRef = 232DBCDF2D2D2B4F00CEEF2B /* KeySignature.swift */; };
		232DBCE22D2D2B7100CEEF2B /* KeySignatureView.swift in Sources */ = {isa = PBXBuildFile; fileRef = 232DBCE12D2D2B7100CEEF2B /* KeySignatureView.swift */; };
		232DBCEC2D2D36C600CEEF2B /* MusicalNote.swift in Sources */ = {isa = PBXBuildFile; fileRef = 232DBCEB2D2D36C600CEEF2B /* MusicalNote.swift */; };
		232DBCEE2D2D36D400CEEF2B /* NoteDuration.swift in Sources */ = {isa = PBXBuildFile; fileRef = 232DBCED2D2D36D400CEEF2B /* NoteDuration.swift */; };
		232DBCF02D2D370100CEEF2B /* TimeSignature.swift in Sources */ = {isa = PBXBuildFile; fileRef = 232DBCEF2D2D370100CEEF2B /* TimeSignature.swift */; };
		232DBCF22D2D371D00CEEF2B /* NoteDurationButton.swift in Sources */ = {isa = PBXBuildFile; fileRef = 232DBCF12D2D371D00CEEF2B /* NoteDurationButton.swift */; };
		232DBD042D308ADB00CEEF2B /* ClefView.swift in Sources */ = {isa = PBXBuildFile; fileRef = 232DBD032D308ADB00CEEF2B /* ClefView.swift */; };
		232DBD062D308AF700CEEF2B /* TimeSignatureView.swift in Sources */ = {isa = PBXBuildFile; fileRef = 232DBD052D308AF700CEEF2B /* TimeSignatureView.swift */; };
		232DBD082D30E72000CEEF2B /* AccidentalsView.swift in Sources */ = {isa = PBXBuildFile; fileRef = 232DBD072D30E72000CEEF2B /* AccidentalsView.swift */; };
		232DBD0E2D3263A000CEEF2B /* NoteFlagModels.swift in Sources */ = {isa = PBXBuildFile; fileRef = 232DBD0D2D3263A000CEEF2B /* NoteFlagModels.swift */; };
		232E3A402D3CBA69004C17E9 /* ARKit.framework in Frameworks */ = {isa = PBXBuildFile; fileRef = 232E3A3F2D3CBA69004C17E9 /* ARKit.framework */; platformFilter = ios; };
		232E3A422D3CBA79004C17E9 /* SceneKit.framework in Frameworks */ = {isa = PBXBuildFile; fileRef = 232E3A412D3CBA79004C17E9 /* SceneKit.framework */; };
		232E3A442D3CBA94004C17E9 /* Vision.framework in Frameworks */ = {isa = PBXBuildFile; fileRef = 232E3A432D3CBA94004C17E9 /* Vision.framework */; };
		232E3A472D3CBC99004C17E9 /* RhythmTestView.swift in Sources */ = {isa = PBXBuildFile; fileRef = 232E3A462D3CBC99004C17E9 /* RhythmTestView.swift */; };
		232E3A492D3CBCC5004C17E9 /* PerformanceReportView.swift in Sources */ = {isa = PBXBuildFile; fileRef = 232E3A482D3CBCC5004C17E9 /* PerformanceReportView.swift */; };
		239B7EDD2D33A5A0008C250D /* RefinedNoteView.swift in Sources */ = {isa = PBXBuildFile; fileRef = 239B7EDC2D33A5A0008C250D /* RefinedNoteView.swift */; };
		239B7EDF2D33A5FD008C250D /* RestViewModel.swift in Sources */ = {isa = PBXBuildFile; fileRef = 239B7EDE2D33A5FD008C250D /* RestViewModel.swift */; };
		239B7EE32D33B8A9008C250D /* WorkspaceViewModel.swift in Sources */ = {isa = PBXBuildFile; fileRef = 239B7EE22D33B8A9008C250D /* WorkspaceViewModel.swift */; };
		23AF80B92D3DB6DE001ECD02 /* MetrenomeEngine.swift in Sources */ = {isa = PBXBuildFile; fileRef = 23AF80B82D3DB6DE001ECD02 /* MetrenomeEngine.swift */; };
		23B5F96C2D479149004F4122 /* PitchTestView.swift in Sources */ = {isa = PBXBuildFile; fileRef = 23B5F96B2D479149004F4122 /* PitchTestView.swift */; };
/* End PBXBuildFile section */

/* Begin PBXFileReference section */
		232DBC842D2C10B100CEEF2B /* tutorviolin.app */ = {isa = PBXFileReference; explicitFileType = wrapper.application; includeInIndex = 0; path = tutorviolin.app; sourceTree = BUILT_PRODUCTS_DIR; };
		232DBC872D2C10B100CEEF2B /* tutorviolinApp.swift */ = {isa = PBXFileReference; lastKnownFileType = sourcecode.swift; path = tutorviolinApp.swift; sourceTree = "<group>"; };
		232DBC892D2C10B100CEEF2B /* ContentView.swift */ = {isa = PBXFileReference; lastKnownFileType = sourcecode.swift; path = ContentView.swift; sourceTree = "<group>"; };
		232DBC8B2D2C10B100CEEF2B /* Item.swift */ = {isa = PBXFileReference; lastKnownFileType = sourcecode.swift; path = Item.swift; sourceTree = "<group>"; };
		232DBC8D2D2C10B200CEEF2B /* Assets.xcassets */ = {isa = PBXFileReference; lastKnownFileType = folder.assetcatalog; path = Assets.xcassets; sourceTree = "<group>"; };
		232DBC8F2D2C10B200CEEF2B /* tutorviolin.entitlements */ = {isa = PBXFileReference; lastKnownFileType = text.plist.entitlements; path = tutorviolin.entitlements; sourceTree = "<group>"; };
		232DBC912D2C10B200CEEF2B /* Preview Assets.xcassets */ = {isa = PBXFileReference; lastKnownFileType = folder.assetcatalog; path = "Preview Assets.xcassets"; sourceTree = "<group>"; };
		232DBC9E2D2C10FD00CEEF2B /* WorkspaceView.swift */ = {isa = PBXFileReference; lastKnownFileType = sourcecode.swift; path = WorkspaceView.swift; sourceTree = "<group>"; };
		232DBCA32D2C114400CEEF2B /* InputView.swift */ = {isa = PBXFileReference; lastKnownFileType = sourcecode.swift; path = InputView.swift; sourceTree = "<group>"; };
		232DBCA52D2C114B00CEEF2B /* LoginView.swift */ = {isa = PBXFileReference; lastKnownFileType = sourcecode.swift; path = LoginView.swift; sourceTree = "<group>"; };
		232DBCA72D2C115100CEEF2B /* RegisterView.swift */ = {isa = PBXFileReference; lastKnownFileType = sourcecode.swift; path = RegisterView.swift; sourceTree = "<group>"; };
		232DBCAE2D2D236000CEEF2B /* AVFoundation.framework */ = {isa = PBXFileReference; lastKnownFileType = wrapper.framework; name = AVFoundation.framework; path = Platforms/iPhoneOS.platform/Developer/SDKs/iPhoneOS17.2.sdk/System/Library/Frameworks/AVFoundation.framework; sourceTree = DEVELOPER_DIR; };
		232DBCB02D2D236700CEEF2B /* AudioToolbox.framework */ = {isa = PBXFileReference; lastKnownFileType = wrapper.framework; name = AudioToolbox.framework; path = Platforms/iPhoneOS.platform/Developer/SDKs/iPhoneOS17.2.sdk/System/Library/Frameworks/AudioToolbox.framework; sourceTree = DEVELOPER_DIR; };
		232DBCC32D2D243000CEEF2B /* ScoreAudioEngine.swift */ = {isa = PBXFileReference; lastKnownFileType = sourcecode.swift; path = ScoreAudioEngine.swift; sourceTree = "<group>"; };
		232DBCCA2D2D257300CEEF2B /* ScoreEditorView.swift */ = {isa = PBXFileReference; lastKnownFileType = sourcecode.swift; path = ScoreEditorView.swift; sourceTree = "<group>"; };
		232DBCCE2D2D264900CEEF2B /* WorkspaceModel.swift */ = {isa = PBXFileReference; lastKnownFileType = sourcecode.swift; path = WorkspaceModel.swift; sourceTree = "<group>"; };
		232DBCD02D2D268000CEEF2B /* KeySignatureSelector.swift */ = {isa = PBXFileReference; lastKnownFileType = sourcecode.swift; path = KeySignatureSelector.swift; sourceTree = "<group>"; };
		232DBCD22D2D269200CEEF2B /* TimeSignatureSelector.swift */ = {isa = PBXFileReference; lastKnownFileType = sourcecode.swift; path = TimeSignatureSelector.swift; sourceTree = "<group>"; };
		232DBCD62D2D26CA00CEEF2B /* PlaybackControls.swift */ = {isa = PBXFileReference; lastKnownFileType = sourcecode.swift; path = PlaybackControls.swift; sourceTree = "<group>"; };
		232DBCD82D2D26DB00CEEF2B /* PianoKeyboardView.swift */ = {isa = PBXFileReference; lastKnownFileType = sourcecode.swift; path = PianoKeyboardView.swift; sourceTree = "<group>"; };
		232DBCDA2D2D26F900CEEF2B /* StaffView.swift */ = {isa = PBXFileReference; lastKnownFileType = sourcecode.swift; path = StaffView.swift; sourceTree = "<group>"; };
		232DBCDD2D2D2ADA00CEEF2B /* Clef.swift */ = {isa = PBXFileReference; lastKnownFileType = sourcecode.swift; path = Clef.swift; sourceTree = "<group>"; };
		232DBCDF2D2D2B4F00CEEF2B /* KeySignature.swift */ = {isa = PBXFileReference; lastKnownFileType = sourcecode.swift; path = KeySignature.swift; sourceTree = "<group>"; };
		232DBCE12D2D2B7100CEEF2B /* KeySignatureView.swift */ = {isa = PBXFileReference; lastKnownFileType = sourcecode.swift; path = KeySignatureView.swift; sourceTree = "<group>"; };
		232DBCEB2D2D36C600CEEF2B /* MusicalNote.swift */ = {isa = PBXFileReference; lastKnownFileType = sourcecode.swift; path = MusicalNote.swift; sourceTree = "<group>"; };
		232DBCED2D2D36D400CEEF2B /* NoteDuration.swift */ = {isa = PBXFileReference; lastKnownFileType = sourcecode.swift; path = NoteDuration.swift; sourceTree = "<group>"; };
		232DBCEF2D2D370100CEEF2B /* TimeSignature.swift */ = {isa = PBXFileReference; lastKnownFileType = sourcecode.swift; path = TimeSignature.swift; sourceTree = "<group>"; };
		232DBCF12D2D371D00CEEF2B /* NoteDurationButton.swift */ = {isa = PBXFileReference; lastKnownFileType = sourcecode.swift; path = NoteDurationButton.swift; sourceTree = "<group>"; };
		232DBD032D308ADB00CEEF2B /* ClefView.swift */ = {isa = PBXFileReference; lastKnownFileType = sourcecode.swift; path = ClefView.swift; sourceTree = "<group>"; };
		232DBD052D308AF700CEEF2B /* TimeSignatureView.swift */ = {isa = PBXFileReference; lastKnownFileType = sourcecode.swift; name = TimeSignatureView.swift; path = "tutorviolin/ScoreDisplay /Signature/TimeSignatureView.swift"; sourceTree = SOURCE_ROOT; };
		232DBD072D30E72000CEEF2B /* AccidentalsView.swift */ = {isa = PBXFileReference; lastKnownFileType = sourcecode.swift; path = AccidentalsView.swift; sourceTree = "<group>"; };
		232DBD0D2D3263A000CEEF2B /* NoteFlagModels.swift */ = {isa = PBXFileReference; lastKnownFileType = sourcecode.swift; path = NoteFlagModels.swift; sourceTree = "<group>"; };
		232E3A3E2D3CB97D004C17E9 /* Info.plist */ = {isa = PBXFileReference; lastKnownFileType = text.plist; path = Info.plist; sourceTree = "<group>"; };
		232E3A3F2D3CBA69004C17E9 /* ARKit.framework */ = {isa = PBXFileReference; lastKnownFileType = wrapper.framework; name = ARKit.framework; path = Platforms/iPhoneOS.platform/Developer/SDKs/iPhoneOS17.2.sdk/System/Library/Frameworks/ARKit.framework; sourceTree = DEVELOPER_DIR; };
		232E3A412D3CBA79004C17E9 /* SceneKit.framework */ = {isa = PBXFileReference; lastKnownFileType = wrapper.framework; name = SceneKit.framework; path = Platforms/iPhoneOS.platform/Developer/SDKs/iPhoneOS17.2.sdk/System/Library/Frameworks/SceneKit.framework; sourceTree = DEVELOPER_DIR; };
		232E3A432D3CBA94004C17E9 /* Vision.framework */ = {isa = PBXFileReference; lastKnownFileType = wrapper.framework; name = Vision.framework; path = Platforms/iPhoneOS.platform/Developer/SDKs/iPhoneOS17.2.sdk/System/Library/Frameworks/Vision.framework; sourceTree = DEVELOPER_DIR; };
		232E3A462D3CBC99004C17E9 /* RhythmTestView.swift */ = {isa = PBXFileReference; lastKnownFileType = sourcecode.swift; path = RhythmTestView.swift; sourceTree = "<group>"; };
		232E3A482D3CBCC5004C17E9 /* PerformanceReportView.swift */ = {isa = PBXFileReference; lastKnownFileType = sourcecode.swift; path = PerformanceReportView.swift; sourceTree = "<group>"; };
		239B7EDC2D33A5A0008C250D /* RefinedNoteView.swift */ = {isa = PBXFileReference; lastKnownFileType = sourcecode.swift; path = RefinedNoteView.swift; sourceTree = "<group>"; };
		239B7EDE2D33A5FD008C250D /* RestViewModel.swift */ = {isa = PBXFileReference; lastKnownFileType = sourcecode.swift; path = RestViewModel.swift; sourceTree = "<group>"; };
		239B7EE22D33B8A9008C250D /* WorkspaceViewModel.swift */ = {isa = PBXFileReference; lastKnownFileType = sourcecode.swift; path = WorkspaceViewModel.swift; sourceTree = "<group>"; };
		23AF80B82D3DB6DE001ECD02 /* MetrenomeEngine.swift */ = {isa = PBXFileReference; lastKnownFileType = sourcecode.swift; path = MetrenomeEngine.swift; sourceTree = "<group>"; };
		23B5F96B2D479149004F4122 /* PitchTestView.swift */ = {isa = PBXFileReference; lastKnownFileType = sourcecode.swift; path = PitchTestView.swift; sourceTree = "<group>"; };
/* End PBXFileReference section */

/* Begin PBXFrameworksBuildPhase section */
		232DBC812D2C10B100CEEF2B /* Frameworks */ = {
			isa = PBXFrameworksBuildPhase;
			buildActionMask = 2147483647;
			files = (
				232E3A422D3CBA79004C17E9 /* SceneKit.framework in Frameworks */,
				232E3A402D3CBA69004C17E9 /* ARKit.framework in Frameworks */,
				232DBCB52D2D237500CEEF2B /* AVFoundation.framework in Frameworks */,
				232E3A442D3CBA94004C17E9 /* Vision.framework in Frameworks */,
				232DBCB22D2D237300CEEF2B /* AudioToolbox.framework in Frameworks */,
			);
			runOnlyForDeploymentPostprocessing = 0;
		};
/* End PBXFrameworksBuildPhase section */

/* Begin PBXGroup section */
		232DBC7B2D2C10B100CEEF2B = {
			isa = PBXGroup;
			children = (
				232DBC862D2C10B100CEEF2B /* tutorviolin */,
				232DBC852D2C10B100CEEF2B /* Products */,
				232DBCAD2D2D235F00CEEF2B /* Frameworks */,
			);
			sourceTree = "<group>";
		};
		232DBC852D2C10B100CEEF2B /* Products */ = {
			isa = PBXGroup;
			children = (
				232DBC842D2C10B100CEEF2B /* tutorviolin.app */,
			);
			name = Products;
			sourceTree = "<group>";
		};
		232DBC862D2C10B100CEEF2B /* tutorviolin */ = {
			isa = PBXGroup;
			children = (
				23B5F96A2D47913E004F4122 /* PitchTesting */,
				232E3A452D3CBC87004C17E9 /* RhythmTesting */,
				232E3A3E2D3CB97D004C17E9 /* Info.plist */,
				232E3A362D3CB862004C17E9 /* BowTracking */,
				232DBC9C2D2C10EE00CEEF2B /* Workspace */,
				232DBCA22D2C113600CEEF2B /* Authentication */,
				232DBCE62D2D34C100CEEF2B /* ScoreDisplay  */,
				232DBCC02D2D241200CEEF2B /* Services */,
				232DBCA12D2C112800CEEF2B /* Root */,
				232DBC872D2C10B100CEEF2B /* tutorviolinApp.swift */,
				232DBC8B2D2C10B100CEEF2B /* Item.swift */,
				232DBC8D2D2C10B200CEEF2B /* Assets.xcassets */,
				232DBC8F2D2C10B200CEEF2B /* tutorviolin.entitlements */,
				232DBC902D2C10B200CEEF2B /* Preview Content */,
			);
			path = tutorviolin;
			sourceTree = "<group>";
		};
		232DBC902D2C10B200CEEF2B /* Preview Content */ = {
			isa = PBXGroup;
			children = (
				232DBC912D2C10B200CEEF2B /* Preview Assets.xcassets */,
			);
			path = "Preview Content";
			sourceTree = "<group>";
		};
		232DBC9C2D2C10EE00CEEF2B /* Workspace */ = {
			isa = PBXGroup;
			children = (
				232DBC9E2D2C10FD00CEEF2B /* WorkspaceView.swift */,
				239B7EE22D33B8A9008C250D /* WorkspaceViewModel.swift */,
				232DBCCE2D2D264900CEEF2B /* WorkspaceModel.swift */,
			);
			path = Workspace;
			sourceTree = "<group>";
		};
		232DBCA12D2C112800CEEF2B /* Root */ = {
			isa = PBXGroup;
			children = (
				232DBC892D2C10B100CEEF2B /* ContentView.swift */,
			);
			path = Root;
			sourceTree = "<group>";
		};
		232DBCA22D2C113600CEEF2B /* Authentication */ = {
			isa = PBXGroup;
			children = (
				232DBCA32D2C114400CEEF2B /* InputView.swift */,
				232DBCA52D2C114B00CEEF2B /* LoginView.swift */,
				232DBCA72D2C115100CEEF2B /* RegisterView.swift */,
			);
			path = Authentication;
			sourceTree = "<group>";
		};
		232DBCAD2D2D235F00CEEF2B /* Frameworks */ = {
			isa = PBXGroup;
			children = (
				232E3A432D3CBA94004C17E9 /* Vision.framework */,
				232E3A412D3CBA79004C17E9 /* SceneKit.framework */,
				232E3A3F2D3CBA69004C17E9 /* ARKit.framework */,
				232DBCB02D2D236700CEEF2B /* AudioToolbox.framework */,
				232DBCAE2D2D236000CEEF2B /* AVFoundation.framework */,
			);
			name = Frameworks;
			sourceTree = "<group>";
		};
		232DBCC02D2D241200CEEF2B /* Services */ = {
			isa = PBXGroup;
			children = (
				232DBCC22D2D242100CEEF2B /* AudioEngine */,
			);
			path = Services;
			sourceTree = "<group>";
		};
		232DBCC22D2D242100CEEF2B /* AudioEngine */ = {
			isa = PBXGroup;
			children = (
				232DBCC32D2D243000CEEF2B /* ScoreAudioEngine.swift */,
			);
			path = AudioEngine;
			sourceTree = "<group>";
		};
		232DBCC92D2D255D00CEEF2B /* ScoreInterfaceView */ = {
			isa = PBXGroup;
			children = (
				232DBCCA2D2D257300CEEF2B /* ScoreEditorView.swift */,
				232DBCD62D2D26CA00CEEF2B /* PlaybackControls.swift */,
				232DBCD82D2D26DB00CEEF2B /* PianoKeyboardView.swift */,
				239B7EDC2D33A5A0008C250D /* RefinedNoteView.swift */,
				232DBCDA2D2D26F900CEEF2B /* StaffView.swift */,
				232DBD0D2D3263A000CEEF2B /* NoteFlagModels.swift */,
				239B7EDE2D33A5FD008C250D /* RestViewModel.swift */,
			);
			path = ScoreInterfaceView;
			sourceTree = "<group>";
		};
		232DBCDC2D2D2AC800CEEF2B /* Signature */ = {
			isa = PBXGroup;
			children = (
				232DBCF62D2D383C00CEEF2B /* TimeSignature */,
				232DBCE32D2D2E7B00CEEF2B /* KeySignature */,
				232DBCDD2D2D2ADA00CEEF2B /* Clef.swift */,
				232DBD032D308ADB00CEEF2B /* ClefView.swift */,
			);
			path = Signature;
			sourceTree = "<group>";
		};
		232DBCE32D2D2E7B00CEEF2B /* KeySignature */ = {
			isa = PBXGroup;
			children = (
				232DBCF52D2D382D00CEEF2B /* KeySignatureView */,
				232DBCF42D2D382100CEEF2B /* KeySignatureModels */,
			);
			path = KeySignature;
			sourceTree = "<group>";
		};
		232DBCE62D2D34C100CEEF2B /* ScoreDisplay  */ = {
			isa = PBXGroup;
			children = (
				232DBCC92D2D255D00CEEF2B /* ScoreInterfaceView */,
				232DBCDC2D2D2AC800CEEF2B /* Signature */,
				232DBCF32D2D37A200CEEF2B /* NoteModels */,
				232DBCF12D2D371D00CEEF2B /* NoteDurationButton.swift */,
			);
			path = "ScoreDisplay ";
			sourceTree = "<group>";
		};
		232DBCF32D2D37A200CEEF2B /* NoteModels */ = {
			isa = PBXGroup;
			children = (
				232DBCED2D2D36D400CEEF2B /* NoteDuration.swift */,
				232DBCEB2D2D36C600CEEF2B /* MusicalNote.swift */,
			);
			path = NoteModels;
			sourceTree = "<group>";
		};
		232DBCF42D2D382100CEEF2B /* KeySignatureModels */ = {
			isa = PBXGroup;
			children = (
				232DBCD02D2D268000CEEF2B /* KeySignatureSelector.swift */,
				232DBCDF2D2D2B4F00CEEF2B /* KeySignature.swift */,
			);
			path = KeySignatureModels;
			sourceTree = "<group>";
		};
		232DBCF52D2D382D00CEEF2B /* KeySignatureView */ = {
			isa = PBXGroup;
			children = (
				232DBCE12D2D2B7100CEEF2B /* KeySignatureView.swift */,
				232DBD072D30E72000CEEF2B /* AccidentalsView.swift */,
			);
			path = KeySignatureView;
			sourceTree = "<group>";
		};
		232DBCF62D2D383C00CEEF2B /* TimeSignature */ = {
			isa = PBXGroup;
			children = (
				232DBCF82D2D384B00CEEF2B /* TimeSignatureView */,
				232DBCF72D2D384600CEEF2B /* TimeSignatureModel */,
			);
			path = TimeSignature;
			sourceTree = "<group>";
		};
		232DBCF72D2D384600CEEF2B /* TimeSignatureModel */ = {
			isa = PBXGroup;
			children = (
				232DBCD22D2D269200CEEF2B /* TimeSignatureSelector.swift */,
				232DBCEF2D2D370100CEEF2B /* TimeSignature.swift */,
			);
			path = TimeSignatureModel;
			sourceTree = "<group>";
		};
		232DBCF82D2D384B00CEEF2B /* TimeSignatureView */ = {
			isa = PBXGroup;
			children = (
				232DBD052D308AF700CEEF2B /* TimeSignatureView.swift */,
			);
			path = TimeSignatureView;
			sourceTree = "<group>";
		};
		232E3A362D3CB862004C17E9 /* BowTracking */ = {
			isa = PBXGroup;
			children = (
			);
			path = BowTracking;
			sourceTree = "<group>";
		};
		232E3A452D3CBC87004C17E9 /* RhythmTesting */ = {
			isa = PBXGroup;
			children = (
				232E3A462D3CBC99004C17E9 /* RhythmTestView.swift */,
				23AF80B82D3DB6DE001ECD02 /* MetrenomeEngine.swift */,
				232E3A482D3CBCC5004C17E9 /* PerformanceReportView.swift */,
			);
			path = RhythmTesting;
			sourceTree = "<group>";
		};
		23B5F96A2D47913E004F4122 /* PitchTesting */ = {
			isa = PBXGroup;
			children = (
				23B5F96B2D479149004F4122 /* PitchTestView.swift */,
			);
			path = PitchTesting;
			sourceTree = "<group>";
		};
/* End PBXGroup section */

/* Begin PBXNativeTarget section */
		232DBC832D2C10B100CEEF2B /* tutorviolin */ = {
			isa = PBXNativeTarget;
			buildConfigurationList = 232DBC952D2C10B200CEEF2B /* Build configuration list for PBXNativeTarget "tutorviolin" */;
			buildPhases = (
				232DBC802D2C10B100CEEF2B /* Sources */,
				232DBC812D2C10B100CEEF2B /* Frameworks */,
				232DBC822D2C10B100CEEF2B /* Resources */,
			);
			buildRules = (
			);
			dependencies = (
			);
			name = tutorviolin;
			productName = tutorviolin;
			productReference = 232DBC842D2C10B100CEEF2B /* tutorviolin.app */;
			productType = "com.apple.product-type.application";
		};
/* End PBXNativeTarget section */

/* Begin PBXProject section */
		232DBC7C2D2C10B100CEEF2B /* Project object */ = {
			isa = PBXProject;
			attributes = {
				BuildIndependentTargetsInParallel = 1;
				LastSwiftUpdateCheck = 1520;
				LastUpgradeCheck = 1520;
				TargetAttributes = {
					232DBC832D2C10B100CEEF2B = {
						CreatedOnToolsVersion = 15.2;
					};
				};
			};
			buildConfigurationList = 232DBC7F2D2C10B100CEEF2B /* Build configuration list for PBXProject "tutorviolin" */;
			compatibilityVersion = "Xcode 14.0";
			developmentRegion = en;
			hasScannedForEncodings = 0;
			knownRegions = (
				en,
				Base,
			);
			mainGroup = 232DBC7B2D2C10B100CEEF2B;
			productRefGroup = 232DBC852D2C10B100CEEF2B /* Products */;
			projectDirPath = "";
			projectRoot = "";
			targets = (
				232DBC832D2C10B100CEEF2B /* tutorviolin */,
			);
		};
/* End PBXProject section */

/* Begin PBXResourcesBuildPhase section */
		232DBC822D2C10B100CEEF2B /* Resources */ = {
			isa = PBXResourcesBuildPhase;
			buildActionMask = 2147483647;
			files = (
				232DBC922D2C10B200CEEF2B /* Preview Assets.xcassets in Resources */,
				232DBC8E2D2C10B200CEEF2B /* Assets.xcassets in Resources */,
			);
			runOnlyForDeploymentPostprocessing = 0;
		};
/* End PBXResourcesBuildPhase section */

/* Begin PBXSourcesBuildPhase section */
		232DBC802D2C10B100CEEF2B /* Sources */ = {
			isa = PBXSourcesBuildPhase;
			buildActionMask = 2147483647;
			files = (
				23B5F96C2D479149004F4122 /* PitchTestView.swift in Sources */,
				239B7EDF2D33A5FD008C250D /* RestViewModel.swift in Sources */,
				232DBD082D30E72000CEEF2B /* AccidentalsView.swift in Sources */,
				232DBCE02D2D2B4F00CEEF2B /* KeySignature.swift in Sources */,
				23AF80B92D3DB6DE001ECD02 /* MetrenomeEngine.swift in Sources */,
				232DBCF22D2D371D00CEEF2B /* NoteDurationButton.swift in Sources */,
				232E3A472D3CBC99004C17E9 /* RhythmTestView.swift in Sources */,
				232DBCCF2D2D264900CEEF2B /* WorkspaceModel.swift in Sources */,
				232DBCDB2D2D26F900CEEF2B /* StaffView.swift in Sources */,
				239B7EE32D33B8A9008C250D /* WorkspaceViewModel.swift in Sources */,
				232DBCDE2D2D2ADA00CEEF2B /* Clef.swift in Sources */,
				232DBCD92D2D26DB00CEEF2B /* PianoKeyboardView.swift in Sources */,
				232DBD062D308AF700CEEF2B /* TimeSignatureView.swift in Sources */,
				232DBCA62D2C114B00CEEF2B /* LoginView.swift in Sources */,
				239B7EDD2D33A5A0008C250D /* RefinedNoteView.swift in Sources */,
				232DBCEC2D2D36C600CEEF2B /* MusicalNote.swift in Sources */,
				232DBCCB2D2D257300CEEF2B /* ScoreEditorView.swift in Sources */,
				232DBCD72D2D26CA00CEEF2B /* PlaybackControls.swift in Sources */,
				232DBCEE2D2D36D400CEEF2B /* NoteDuration.swift in Sources */,
				232DBC9F2D2C10FD00CEEF2B /* WorkspaceView.swift in Sources */,
				232DBCD32D2D269200CEEF2B /* TimeSignatureSelector.swift in Sources */,
				232DBC8A2D2C10B100CEEF2B /* ContentView.swift in Sources */,
				232DBCA82D2C115100CEEF2B /* RegisterView.swift in Sources */,
				232DBCA42D2C114400CEEF2B /* InputView.swift in Sources */,
				232DBC8C2D2C10B100CEEF2B /* Item.swift in Sources */,
				232DBCD12D2D268000CEEF2B /* KeySignatureSelector.swift in Sources */,
				232DBC882D2C10B100CEEF2B /* tutorviolinApp.swift in Sources */,
				232DBD0E2D3263A000CEEF2B /* NoteFlagModels.swift in Sources */,
				232E3A492D3CBCC5004C17E9 /* PerformanceReportView.swift in Sources */,
				232DBD042D308ADB00CEEF2B /* ClefView.swift in Sources */,
				232DBCC42D2D243000CEEF2B /* ScoreAudioEngine.swift in Sources */,
				232DBCE22D2D2B7100CEEF2B /* KeySignatureView.swift in Sources */,
				232DBCF02D2D370100CEEF2B /* TimeSignature.swift in Sources */,
			);
			runOnlyForDeploymentPostprocessing = 0;
		};
/* End PBXSourcesBuildPhase section */

/* Begin XCBuildConfiguration section */
		232DBC932D2C10B200CEEF2B /* Debug */ = {
			isa = XCBuildConfiguration;
			buildSettings = {
				ALWAYS_SEARCH_USER_PATHS = NO;
				ASSETCATALOG_COMPILER_GENERATE_SWIFT_ASSET_SYMBOL_EXTENSIONS = YES;
				CLANG_ANALYZER_NONNULL = YES;
				CLANG_ANALYZER_NUMBER_OBJECT_CONVERSION = YES_AGGRESSIVE;
				CLANG_CXX_LANGUAGE_STANDARD = "gnu++20";
				CLANG_ENABLE_MODULES = YES;
				CLANG_ENABLE_OBJC_ARC = YES;
				CLANG_ENABLE_OBJC_WEAK = YES;
				CLANG_WARN_BLOCK_CAPTURE_AUTORELEASING = YES;
				CLANG_WARN_BOOL_CONVERSION = YES;
				CLANG_WARN_COMMA = YES;
				CLANG_WARN_CONSTANT_CONVERSION = YES;
				CLANG_WARN_DEPRECATED_OBJC_IMPLEMENTATIONS = YES;
				CLANG_WARN_DIRECT_OBJC_ISA_USAGE = YES_ERROR;
				CLANG_WARN_DOCUMENTATION_COMMENTS = YES;
				CLANG_WARN_EMPTY_BODY = YES;
				CLANG_WARN_ENUM_CONVERSION = YES;
				CLANG_WARN_INFINITE_RECURSION = YES;
				CLANG_WARN_INT_CONVERSION = YES;
				CLANG_WARN_NON_LITERAL_NULL_CONVERSION = YES;
				CLANG_WARN_OBJC_IMPLICIT_RETAIN_SELF = YES;
				CLANG_WARN_OBJC_LITERAL_CONVERSION = YES;
				CLANG_WARN_OBJC_ROOT_CLASS = YES_ERROR;
				CLANG_WARN_QUOTED_INCLUDE_IN_FRAMEWORK_HEADER = YES;
				CLANG_WARN_RANGE_LOOP_ANALYSIS = YES;
				CLANG_WARN_STRICT_PROTOTYPES = YES;
				CLANG_WARN_SUSPICIOUS_MOVE = YES;
				CLANG_WARN_UNGUARDED_AVAILABILITY = YES_AGGRESSIVE;
				CLANG_WARN_UNREACHABLE_CODE = YES;
				CLANG_WARN__DUPLICATE_METHOD_MATCH = YES;
				COPY_PHASE_STRIP = NO;
				DEBUG_INFORMATION_FORMAT = dwarf;
				ENABLE_STRICT_OBJC_MSGSEND = YES;
				ENABLE_TESTABILITY = YES;
				ENABLE_USER_SCRIPT_SANDBOXING = YES;
				GCC_C_LANGUAGE_STANDARD = gnu17;
				GCC_DYNAMIC_NO_PIC = NO;
				GCC_NO_COMMON_BLOCKS = YES;
				GCC_OPTIMIZATION_LEVEL = 0;
				GCC_PREPROCESSOR_DEFINITIONS = (
					"DEBUG=1",
					"$(inherited)",
				);
				GCC_WARN_64_TO_32_BIT_CONVERSION = YES;
				GCC_WARN_ABOUT_RETURN_TYPE = YES_ERROR;
				GCC_WARN_UNDECLARED_SELECTOR = YES;
				GCC_WARN_UNINITIALIZED_AUTOS = YES_AGGRESSIVE;
				GCC_WARN_UNUSED_FUNCTION = YES;
				GCC_WARN_UNUSED_VARIABLE = YES;
				LOCALIZATION_PREFERS_STRING_CATALOGS = YES;
				MTL_ENABLE_DEBUG_INFO = INCLUDE_SOURCE;
				MTL_FAST_MATH = YES;
				ONLY_ACTIVE_ARCH = YES;
				SWIFT_ACTIVE_COMPILATION_CONDITIONS = "DEBUG $(inherited)";
				SWIFT_OPTIMIZATION_LEVEL = "-Onone";
			};
			name = Debug;
		};
		232DBC942D2C10B200CEEF2B /* Release */ = {
			isa = XCBuildConfiguration;
			buildSettings = {
				ALWAYS_SEARCH_USER_PATHS = NO;
				ASSETCATALOG_COMPILER_GENERATE_SWIFT_ASSET_SYMBOL_EXTENSIONS = YES;
				CLANG_ANALYZER_NONNULL = YES;
				CLANG_ANALYZER_NUMBER_OBJECT_CONVERSION = YES_AGGRESSIVE;
				CLANG_CXX_LANGUAGE_STANDARD = "gnu++20";
				CLANG_ENABLE_MODULES = YES;
				CLANG_ENABLE_OBJC_ARC = YES;
				CLANG_ENABLE_OBJC_WEAK = YES;
				CLANG_WARN_BLOCK_CAPTURE_AUTORELEASING = YES;
				CLANG_WARN_BOOL_CONVERSION = YES;
				CLANG_WARN_COMMA = YES;
				CLANG_WARN_CONSTANT_CONVERSION = YES;
				CLANG_WARN_DEPRECATED_OBJC_IMPLEMENTATIONS = YES;
				CLANG_WARN_DIRECT_OBJC_ISA_USAGE = YES_ERROR;
				CLANG_WARN_DOCUMENTATION_COMMENTS = YES;
				CLANG_WARN_EMPTY_BODY = YES;
				CLANG_WARN_ENUM_CONVERSION = YES;
				CLANG_WARN_INFINITE_RECURSION = YES;
				CLANG_WARN_INT_CONVERSION = YES;
				CLANG_WARN_NON_LITERAL_NULL_CONVERSION = YES;
				CLANG_WARN_OBJC_IMPLICIT_RETAIN_SELF = YES;
				CLANG_WARN_OBJC_LITERAL_CONVERSION = YES;
				CLANG_WARN_OBJC_ROOT_CLASS = YES_ERROR;
				CLANG_WARN_QUOTED_INCLUDE_IN_FRAMEWORK_HEADER = YES;
				CLANG_WARN_RANGE_LOOP_ANALYSIS = YES;
				CLANG_WARN_STRICT_PROTOTYPES = YES;
				CLANG_WARN_SUSPICIOUS_MOVE = YES;
				CLANG_WARN_UNGUARDED_AVAILABILITY = YES_AGGRESSIVE;
				CLANG_WARN_UNREACHABLE_CODE = YES;
				CLANG_WARN__DUPLICATE_METHOD_MATCH = YES;
				COPY_PHASE_STRIP = NO;
				DEBUG_INFORMATION_FORMAT = "dwarf-with-dsym";
				ENABLE_NS_ASSERTIONS = NO;
				ENABLE_STRICT_OBJC_MSGSEND = YES;
				ENABLE_USER_SCRIPT_SANDBOXING = YES;
				GCC_C_LANGUAGE_STANDARD = gnu17;
				GCC_NO_COMMON_BLOCKS = YES;
				GCC_WARN_64_TO_32_BIT_CONVERSION = YES;
				GCC_WARN_ABOUT_RETURN_TYPE = YES_ERROR;
				GCC_WARN_UNDECLARED_SELECTOR = YES;
				GCC_WARN_UNINITIALIZED_AUTOS = YES_AGGRESSIVE;
				GCC_WARN_UNUSED_FUNCTION = YES;
				GCC_WARN_UNUSED_VARIABLE = YES;
				LOCALIZATION_PREFERS_STRING_CATALOGS = YES;
				MTL_ENABLE_DEBUG_INFO = NO;
				MTL_FAST_MATH = YES;
				SWIFT_COMPILATION_MODE = wholemodule;
			};
			name = Release;
		};
		232DBC962D2C10B200CEEF2B /* Debug */ = {
			isa = XCBuildConfiguration;
			buildSettings = {
				ASSETCATALOG_COMPILER_APPICON_NAME = AppIcon;
				ASSETCATALOG_COMPILER_GLOBAL_ACCENT_COLOR_NAME = AccentColor;
				CODE_SIGN_ENTITLEMENTS = tutorviolin/tutorviolin.entitlements;
				CODE_SIGN_STYLE = Automatic;
				CURRENT_PROJECT_VERSION = 1;
				DEVELOPMENT_ASSET_PATHS = "\"tutorviolin/Preview Content\"";
				DEVELOPMENT_TEAM = Y5P4VGY38G;
				ENABLE_HARDENED_RUNTIME = YES;
				ENABLE_PREVIEWS = YES;
				GENERATE_INFOPLIST_FILE = YES;
				INFOPLIST_FILE = tutorviolin/Info.plist;
				INFOPLIST_KEY_NSCameraUsageDescription = "\"This app uses the camera to track bow movements\"";
				"INFOPLIST_KEY_UIApplicationSceneManifest_Generation[sdk=iphoneos*]" = YES;
				"INFOPLIST_KEY_UIApplicationSceneManifest_Generation[sdk=iphonesimulator*]" = YES;
				"INFOPLIST_KEY_UIApplicationSupportsIndirectInputEvents[sdk=iphoneos*]" = YES;
				"INFOPLIST_KEY_UIApplicationSupportsIndirectInputEvents[sdk=iphonesimulator*]" = YES;
				"INFOPLIST_KEY_UILaunchScreen_Generation[sdk=iphoneos*]" = YES;
				"INFOPLIST_KEY_UILaunchScreen_Generation[sdk=iphonesimulator*]" = YES;
				"INFOPLIST_KEY_UIStatusBarStyle[sdk=iphoneos*]" = UIStatusBarStyleDefault;
				"INFOPLIST_KEY_UIStatusBarStyle[sdk=iphonesimulator*]" = UIStatusBarStyleDefault;
				INFOPLIST_KEY_UISupportedInterfaceOrientations_iPad = "UIInterfaceOrientationPortrait UIInterfaceOrientationPortraitUpsideDown UIInterfaceOrientationLandscapeLeft UIInterfaceOrientationLandscapeRight";
				INFOPLIST_KEY_UISupportedInterfaceOrientations_iPhone = "UIInterfaceOrientationPortrait UIInterfaceOrientationLandscapeLeft UIInterfaceOrientationLandscapeRight";
				IPHONEOS_DEPLOYMENT_TARGET = 17.2;
				LD_RUNPATH_SEARCH_PATHS = "@executable_path/Frameworks";
				"LD_RUNPATH_SEARCH_PATHS[sdk=macosx*]" = "@executable_path/../Frameworks";
				MACOSX_DEPLOYMENT_TARGET = 14.0;
				MARKETING_VERSION = 1.0;
				PRODUCT_BUNDLE_IDENTIFIER = com.harleensachdev.tutorviolin;
				PRODUCT_NAME = "$(TARGET_NAME)";
				SDKROOT = auto;
				SUPPORTED_PLATFORMS = "iphoneos iphonesimulator macosx";
				SWIFT_EMIT_LOC_STRINGS = YES;
				SWIFT_VERSION = 5.0;
				TARGETED_DEVICE_FAMILY = "1,2";
			};
			name = Debug;
		};
		232DBC972D2C10B200CEEF2B /* Release */ = {
			isa = XCBuildConfiguration;
			buildSettings = {
				ASSETCATALOG_COMPILER_APPICON_NAME = AppIcon;
				ASSETCATALOG_COMPILER_GLOBAL_ACCENT_COLOR_NAME = AccentColor;
				CODE_SIGN_ENTITLEMENTS = tutorviolin/tutorviolin.entitlements;
				CODE_SIGN_STYLE = Automatic;
				CURRENT_PROJECT_VERSION = 1;
				DEVELOPMENT_ASSET_PATHS = "\"tutorviolin/Preview Content\"";
				DEVELOPMENT_TEAM = Y5P4VGY38G;
				ENABLE_HARDENED_RUNTIME = YES;
				ENABLE_PREVIEWS = YES;
				GENERATE_INFOPLIST_FILE = YES;
				INFOPLIST_FILE = tutorviolin/Info.plist;
				INFOPLIST_KEY_NSCameraUsageDescription = "\"This app uses the camera to track bow movements\"";
				"INFOPLIST_KEY_UIApplicationSceneManifest_Generation[sdk=iphoneos*]" = YES;
				"INFOPLIST_KEY_UIApplicationSceneManifest_Generation[sdk=iphonesimulator*]" = YES;
				"INFOPLIST_KEY_UIApplicationSupportsIndirectInputEvents[sdk=iphoneos*]" = YES;
				"INFOPLIST_KEY_UIApplicationSupportsIndirectInputEvents[sdk=iphonesimulator*]" = YES;
				"INFOPLIST_KEY_UILaunchScreen_Generation[sdk=iphoneos*]" = YES;
				"INFOPLIST_KEY_UILaunchScreen_Generation[sdk=iphonesimulator*]" = YES;
				"INFOPLIST_KEY_UIStatusBarStyle[sdk=iphoneos*]" = UIStatusBarStyleDefault;
				"INFOPLIST_KEY_UIStatusBarStyle[sdk=iphonesimulator*]" = UIStatusBarStyleDefault;
				INFOPLIST_KEY_UISupportedInterfaceOrientations_iPad = "UIInterfaceOrientationPortrait UIInterfaceOrientationPortraitUpsideDown UIInterfaceOrientationLandscapeLeft UIInterfaceOrientationLandscapeRight";
				INFOPLIST_KEY_UISupportedInterfaceOrientations_iPhone = "UIInterfaceOrientationPortrait UIInterfaceOrientationLandscapeLeft UIInterfaceOrientationLandscapeRight";
				IPHONEOS_DEPLOYMENT_TARGET = 17.2;
				LD_RUNPATH_SEARCH_PATHS = "@executable_path/Frameworks";
				"LD_RUNPATH_SEARCH_PATHS[sdk=macosx*]" = "@executable_path/../Frameworks";
				MACOSX_DEPLOYMENT_TARGET = 14.0;
				MARKETING_VERSION = 1.0;
				PRODUCT_BUNDLE_IDENTIFIER = com.harleensachdev.tutorviolin;
				PRODUCT_NAME = "$(TARGET_NAME)";
				SDKROOT = auto;
				SUPPORTED_PLATFORMS = "iphoneos iphonesimulator macosx";
				SWIFT_EMIT_LOC_STRINGS = YES;
				SWIFT_VERSION = 5.0;
				TARGETED_DEVICE_FAMILY = "1,2";
			};
			name = Release;
		};
/* End XCBuildConfiguration section */

/* Begin XCConfigurationList section */
		232DBC7F2D2C10B100CEEF2B /* Build configuration list for PBXProject "tutorviolin" */ = {
			isa = XCConfigurationList;
			buildConfigurations = (
				232DBC932D2C10B200CEEF2B /* Debug */,
				232DBC942D2C10B200CEEF2B /* Release */,
			);
			defaultConfigurationIsVisible = 0;
			defaultConfigurationName = Release;
		};
		232DBC952D2C10B200CEEF2B /* Build configuration list for PBXNativeTarget "tutorviolin" */ = {
			isa = XCConfigurationList;
			buildConfigurations = (
				232DBC962D2C10B200CEEF2B /* Debug */,
				232DBC972D2C10B200CEEF2B /* Release */,
			);
			defaultConfigurationIsVisible = 0;
			defaultConfigurationName = Release;
		};
/* End XCConfigurationList section */
	};
	rootObject = 232DBC7C2D2C10B100CEEF2B /* Project object */;
}
